lockfileVersion: '9.0'

settings:
  autoInstallPeers: true
  excludeLinksFromLockfile: false

importers:

  .:
    dependencies:
      firebase:
        specifier: ^10.14.1
        version: 10.14.1
      framer-motion:
        specifier: ^11.18.2
        version: 11.18.2
      lucide-react:
        specifier: ^0.453.0
        version: 0.453.0
      react:
        specifier: ^18.3.1
        version: 18.3.1
      react-confetti:
        specifier: ^6.4.0
        version: 6.4.0
      react-dom:
        specifier: ^18.3.1
        version: 18.3.1
      react-hook-form:
        specifier: ^7.79.0
        version: 7.79.0
      zod:
        specifier: ^3.25.76
        version: 3.25.76
      helmet:
        specifier: ^8.0.0
        version: 8.0.0
      express-rate-limit:
        specifier: ^7.5.0
        version: 7.5.0
      crypto-js:
        specifier: ^4.2.0
        version: 4.2.0
      "@tanstack/react-table":
        specifier: ^8.20.5
        version: 8.20.5
      jsonwebtoken:
        specifier: ^9.0.2
        version: 9.0.2
      recharts:
        specifier: ^2.12.7
        version: 2.12.7
      socket.io-client:
        specifier: ^4.8.1
        version: 4.8.1
      date-fns:
        specifier: ^4.1.0
        version: 4.1.0
      axios:
        specifier: ^1.7.9
        version: 1.7.9
      uuid:
        specifier: ^11.0.3
        version: 11.0.3
      react-toastify:
        specifier: ^11.0.3
        version: 11.0.3
      validator:
        specifier: ^13.12.0
        version: 13.12.0
    devDependencies:
      '@types/react':
        specifier: ^18.3.31
        version: 18.3.31
      '@types/react-dom':
        specifier: ^18.3.7
        version: 18.3.7
      '@vitejs/plugin-react':
        specifier: ^4.7.0
        version: 4.7.0
      typescript:
        specifier: ^5.9.3
        version: 5.9.3
      vite:
        specifier: ^5.4.21
        version: 5.4.21
      '@types/crypto-js':
        specifier: ^4.2.2
        version: 4.2.2
      '@types/jsonwebtoken':
        specifier: ^9.0.6
        version: 9.0.6
      '@types/uuid':
        specifier: ^10.0.0
        version: 10.0.0
      '@types/validator':
        specifier: ^13.12.2
        version: 13.12.2
